
Microsoft Visual Studio Solution File, Format Version 12.00
Project("{FAE04EC0-301F-11D3-BF4B-00C04F79EFBC}") = "VHODNO", "VHODNO.csproj", "{ED6F24D5-10AD-4300-BCEF-C952F661173C}"
EndProject
Global
	GlobalSection(SolutionConfigurationPlatforms) = preSolution
		Debug|Any CPU = Debug|Any CPU
		Release|Any CPU = Release|Any CPU
	EndGlobalSection
	GlobalSection(ProjectConfigurationPlatforms) = postSolution
		{ED6F24D5-10AD-4300-BCEF-C952F661173C}.Debug|Any CPU.ActiveCfg = Debug|Any CPU
		{ED6F24D5-10AD-4300-BCEF-C952F661173C}.Debug|Any CPU.Build.0 = Debug|Any CPU
		{ED6F24D5-10AD-4300-BCEF-C952F661173C}.Release|Any CPU.ActiveCfg = Release|Any CPU
		{ED6F24D5-10AD-4300-BCEF-C952F661173C}.Release|Any CPU.Build.0 = Release|Any CPU
	EndGlobalSection
EndGlobal
